
Microsoft Visual Studio Solution File, Format Version 12.00
# Visual Studio 15
VisualStudioVersion = 15.0.27130.2010
MinimumVisualStudioVersion = 10.0.40219.1
Project("{FAE04EC0-301F-11D3-BF4B-00C04F79EFBC}") = "Decorator", "Decorator\Decorator.csproj", "{00671645-4483-4DA7-86AA-0DBF0C0A102A}"
EndProject
Project("{FAE04EC0-301F-11D3-BF4B-00C04F79EFBC}") = "Strategy", "Strategy\Strategy.csproj", "{A260458A-30D9-4DC2-AB60-18D203B90C11}"
EndProject
Project("{FAE04EC0-301F-11D3-BF4B-00C04F79EFBC}") = "Builder", "Builder\Builder.csproj", "{210028AD-9FD0-4161-BC4D-6842B668E7F5}"
EndProject
Project("{2150E333-8FDC-42A3-9474-1A3956D46DE8}") = "Creational", "Creational", "{C4EFD3DD-97C7-45F9-BA31-D88CA74C93B9}"
EndProject
Project("{FAE04EC0-301F-11D3-BF4B-00C04F79EFBC}") = "AbstractFactory.cs", "AbstractFactory.cs\AbstractFactory.cs.csproj", "{D924A3C0-6EDC-4303-BA38-89A824011A5F}"
EndProject
Project("{2150E333-8FDC-42A3-9474-1A3956D46DE8}") = "Structural", "Structural", "{C3D7FF45-FBD4-4B59-B7A3-038D7D239144}"
EndProject
Project("{FAE04EC0-301F-11D3-BF4B-00C04F79EFBC}") = "Composite", "Composite\Composite.csproj", "{84DD8A76-79BE-4964-A9A8-FDBBFBCD447C}"
EndProject
Project("{2150E333-8FDC-42A3-9474-1A3956D46DE8}") = "Behavioral", "Behavioral", "{C5962561-F3C1-4B48-8D41-056613CDAB29}"
EndProject
Project("{FAE04EC0-301F-11D3-BF4B-00C04F79EFBC}") = "Visitor", "Visitor\Visitor.csproj", "{3E266A62-B6FD-4ACE-B0DD-EF46BC65EA32}"
EndProject
Project("{FAE04EC0-301F-11D3-BF4B-00C04F79EFBC}") = "FactoryMethod", "FactoryMehod\FactoryMethod.csproj", "{D7DE7141-2727-4F58-B038-AEEB9BBCC730}"
EndProject
Project("{FAE04EC0-301F-11D3-BF4B-00C04F79EFBC}") = "ChainOfResponsibility.cs", "ChainOfResponsibility.cs\ChainOfResponsibility.cs.csproj", "{B40BFAC6-3BEE-40AE-9D0A-28EC0D1F29CB}"
EndProject
Global
	GlobalSection(SolutionConfigurationPlatforms) = preSolution
		Debug|Any CPU = Debug|Any CPU
		Release|Any CPU = Release|Any CPU
	EndGlobalSection
	GlobalSection(ProjectConfigurationPlatforms) = postSolution
		{00671645-4483-4DA7-86AA-0DBF0C0A102A}.Debug|Any CPU.ActiveCfg = Debug|Any CPU
		{00671645-4483-4DA7-86AA-0DBF0C0A102A}.Debug|Any CPU.Build.0 = Debug|Any CPU
		{00671645-4483-4DA7-86AA-0DBF0C0A102A}.Release|Any CPU.ActiveCfg = Release|Any CPU
		{00671645-4483-4DA7-86AA-0DBF0C0A102A}.Release|Any CPU.Build.0 = Release|Any CPU
		{A260458A-30D9-4DC2-AB60-18D203B90C11}.Debug|Any CPU.ActiveCfg = Debug|Any CPU
		{A260458A-30D9-4DC2-AB60-18D203B90C11}.Debug|Any CPU.Build.0 = Debug|Any CPU
		{A260458A-30D9-4DC2-AB60-18D203B90C11}.Release|Any CPU.ActiveCfg = Release|Any CPU
		{A260458A-30D9-4DC2-AB60-18D203B90C11}.Release|Any CPU.Build.0 = Release|Any CPU
		{210028AD-9FD0-4161-BC4D-6842B668E7F5}.Debug|Any CPU.ActiveCfg = Debug|Any CPU
		{210028AD-9FD0-4161-BC4D-6842B668E7F5}.Debug|Any CPU.Build.0 = Debug|Any CPU
		{210028AD-9FD0-4161-BC4D-6842B668E7F5}.Release|Any CPU.ActiveCfg = Release|Any CPU
		{210028AD-9FD0-4161-BC4D-6842B668E7F5}.Release|Any CPU.Build.0 = Release|Any CPU
		{D924A3C0-6EDC-4303-BA38-89A824011A5F}.Debug|Any CPU.ActiveCfg = Debug|Any CPU
		{D924A3C0-6EDC-4303-BA38-89A824011A5F}.Debug|Any CPU.Build.0 = Debug|Any CPU
		{D924A3C0-6EDC-4303-BA38-89A824011A5F}.Release|Any CPU.ActiveCfg = Release|Any CPU
		{D924A3C0-6EDC-4303-BA38-89A824011A5F}.Release|Any CPU.Build.0 = Release|Any CPU
		{84DD8A76-79BE-4964-A9A8-FDBBFBCD447C}.Debug|Any CPU.ActiveCfg = Debug|Any CPU
		{84DD8A76-79BE-4964-A9A8-FDBBFBCD447C}.Debug|Any CPU.Build.0 = Debug|Any CPU
		{84DD8A76-79BE-4964-A9A8-FDBBFBCD447C}.Release|Any CPU.ActiveCfg = Release|Any CPU
		{84DD8A76-79BE-4964-A9A8-FDBBFBCD447C}.Release|Any CPU.Build.0 = Release|Any CPU
		{3E266A62-B6FD-4ACE-B0DD-EF46BC65EA32}.Debug|Any CPU.ActiveCfg = Debug|Any CPU
		{3E266A62-B6FD-4ACE-B0DD-EF46BC65EA32}.Debug|Any CPU.Build.0 = Debug|Any CPU
		{3E266A62-B6FD-4ACE-B0DD-EF46BC65EA32}.Release|Any CPU.ActiveCfg = Release|Any CPU
		{3E266A62-B6FD-4ACE-B0DD-EF46BC65EA32}.Release|Any CPU.Build.0 = Release|Any CPU
		{D7DE7141-2727-4F58-B038-AEEB9BBCC730}.Debug|Any CPU.ActiveCfg = Debug|Any CPU
		{D7DE7141-2727-4F58-B038-AEEB9BBCC730}.Debug|Any CPU.Build.0 = Debug|Any CPU
		{D7DE7141-2727-4F58-B038-AEEB9BBCC730}.Release|Any CPU.ActiveCfg = Release|Any CPU
		{D7DE7141-2727-4F58-B038-AEEB9BBCC730}.Release|Any CPU.Build.0 = Release|Any CPU
		{B40BFAC6-3BEE-40AE-9D0A-28EC0D1F29CB}.Debug|Any CPU.ActiveCfg = Debug|Any CPU
		{B40BFAC6-3BEE-40AE-9D0A-28EC0D1F29CB}.Debug|Any CPU.Build.0 = Debug|Any CPU
		{B40BFAC6-3BEE-40AE-9D0A-28EC0D1F29CB}.Release|Any CPU.ActiveCfg = Release|Any CPU
		{B40BFAC6-3BEE-40AE-9D0A-28EC0D1F29CB}.Release|Any CPU.Build.0 = Release|Any CPU
	EndGlobalSection
	GlobalSection(SolutionProperties) = preSolution
		HideSolutionNode = FALSE
	EndGlobalSection
	GlobalSection(NestedProjects) = preSolution
		{00671645-4483-4DA7-86AA-0DBF0C0A102A} = {C3D7FF45-FBD4-4B59-B7A3-038D7D239144}
		{A260458A-30D9-4DC2-AB60-18D203B90C11} = {C5962561-F3C1-4B48-8D41-056613CDAB29}
		{210028AD-9FD0-4161-BC4D-6842B668E7F5} = {C4EFD3DD-97C7-45F9-BA31-D88CA74C93B9}
		{D924A3C0-6EDC-4303-BA38-89A824011A5F} = {C4EFD3DD-97C7-45F9-BA31-D88CA74C93B9}
		{84DD8A76-79BE-4964-A9A8-FDBBFBCD447C} = {C3D7FF45-FBD4-4B59-B7A3-038D7D239144}
		{3E266A62-B6FD-4ACE-B0DD-EF46BC65EA32} = {C5962561-F3C1-4B48-8D41-056613CDAB29}
		{D7DE7141-2727-4F58-B038-AEEB9BBCC730} = {C4EFD3DD-97C7-45F9-BA31-D88CA74C93B9}
		{B40BFAC6-3BEE-40AE-9D0A-28EC0D1F29CB} = {C5962561-F3C1-4B48-8D41-056613CDAB29}
	EndGlobalSection
	GlobalSection(ExtensibilityGlobals) = postSolution
		SolutionGuid = {0F628E85-5EEF-47ED-A7A2-9F1B69F79751}
	EndGlobalSection
EndGlobal
